{
    "version": 3,
    "terraform_version": "0.11.3",
    "serial": 10,
    "lineage": "e7af4398-f64a-405d-88ae-8b806bf2f244",
    "modules": [
        {
            "path": [
                "root"
            ],
            "outputs": {},
            "resources": {
                "aws_eip.ip": {
                    "type": "aws_eip",
                    "depends_on": [
                        "aws_instance.example"
                    ],
                    "primary": {
                        "id": "eipalloc-0c6c90f4c90dbb540",
                        "attributes": {
                            "association_id": "eipassoc-01c3b05970dcd1ae6",
                            "domain": "vpc",
                            "id": "eipalloc-0c6c90f4c90dbb540",
                            "instance": "i-06a40a798d4dd731e",
                            "network_interface": "eni-0a29b25db858476be",
                            "private_ip": "172.31.82.108",
                            "public_ip": "18.205.217.81",
                            "tags.%": "0",
                            "vpc": "true"
                        },
                        "meta": {},
                        "tainted": false
                    },
                    "deposed": [],
                    "provider": "provider.aws"
                },
                "aws_s3_bucket.trial-terraform": {
                    "type": "aws_s3_bucket",
                    "depends_on": [],
                    "primary": {
                        "id": "terraform-trials",
                        "attributes": {
                            "acceleration_status": "",
                            "acl": "private",
                            "arn": "arn:aws:s3:::terraform-trials",
                            "bucket": "terraform-trials",
                            "bucket_domain_name": "terraform-trials.s3.amazonaws.com",
                            "force_destroy": "false",
                            "hosted_zone_id": "Z3AQBSTGFYJSTF",
                            "id": "terraform-trials",
                            "logging.#": "0",
                            "region": "us-east-1",
                            "request_payer": "BucketOwner",
                            "server_side_encryption_configuration.#": "0",
                            "tags.%": "0",
                            "versioning.#": "1",
                            "versioning.0.enabled": "false",
                            "versioning.0.mfa_delete": "false",
                            "website.#": "0"
                        },
                        "meta": {},
                        "tainted": false
                    },
                    "deposed": [],
                    "provider": "provider.aws"
                }
            },
            "depends_on": []
        }
    ]
}
